
Microsoft Visual Studio Solution File, Format Version 12.00
# Visual Studio Version 17
VisualStudioVersion = 17.5.33530.505
MinimumVisualStudioVersion = 10.0.40219.1
Project("{FAE04EC0-301F-11D3-BF4B-00C04F79EFBC}") = "vehiculo", "pacientes\vehiculo.csproj", "{B5742B43-A8FE-40E5-8A26-DC7B05D18CD1}"
EndProject
Global
	GlobalSection(SolutionConfigurationPlatforms) = preSolution
		Debug|Any CPU = Debug|Any CPU
		Release|Any CPU = Release|Any CPU
	EndGlobalSection
	GlobalSection(ProjectConfigurationPlatforms) = postSolution
		{B5742B43-A8FE-40E5-8A26-DC7B05D18CD1}.Debug|Any CPU.ActiveCfg = Debug|Any CPU
		{B5742B43-A8FE-40E5-8A26-DC7B05D18CD1}.Debug|Any CPU.Build.0 = Debug|Any CPU
		{B5742B43-A8FE-40E5-8A26-DC7B05D18CD1}.Release|Any CPU.ActiveCfg = Release|Any CPU
		{B5742B43-A8FE-40E5-8A26-DC7B05D18CD1}.Release|Any CPU.Build.0 = Release|Any CPU
	EndGlobalSection
	GlobalSection(SolutionProperties) = preSolution
		HideSolutionNode = FALSE
	EndGlobalSection
	GlobalSection(ExtensibilityGlobals) = postSolution
		SolutionGuid = {54AD7ED2-381C-46C6-98EE-0F4DEF0C345F}
	EndGlobalSection
EndGlobal
